
Microsoft Visual Studio Solution File, Format Version 12.00
# Visual Studio 15
VisualStudioVersion = 15.0.28010.2046
MinimumVisualStudioVersion = 10.0.40219.1
Project("{FAE04EC0-301F-11D3-BF4B-00C04F79EFBC}") = "Hdj_Homework", "Hdj_Homework\Hdj_Homework.csproj", "{1142F95A-9BCF-4799-8E6F-7D2C2767DE42}"
EndProject
Global
	GlobalSection(SolutionConfigurationPlatforms) = preSolution
		Debug|Any CPU = Debug|Any CPU
		Release|Any CPU = Release|Any CPU
	EndGlobalSection
	GlobalSection(ProjectConfigurationPlatforms) = postSolution
		{1142F95A-9BCF-4799-8E6F-7D2C2767DE42}.Debug|Any CPU.ActiveCfg = Debug|Any CPU
		{1142F95A-9BCF-4799-8E6F-7D2C2767DE42}.Debug|Any CPU.Build.0 = Debug|Any CPU
		{1142F95A-9BCF-4799-8E6F-7D2C2767DE42}.Release|Any CPU.ActiveCfg = Release|Any CPU
		{1142F95A-9BCF-4799-8E6F-7D2C2767DE42}.Release|Any CPU.Build.0 = Release|Any CPU
	EndGlobalSection
	GlobalSection(SolutionProperties) = preSolution
		HideSolutionNode = FALSE
	EndGlobalSection
	GlobalSection(ExtensibilityGlobals) = postSolution
		SolutionGuid = {759F4901-D327-4A58-8BC6-1EB7A90978BB}
	EndGlobalSection
EndGlobal
